
Microsoft Visual Studio Solution File, Format Version 12.00
# Visual Studio Version 16
VisualStudioVersion = 16.0.31005.135
MinimumVisualStudioVersion = 10.0.40219.1
Project("{FAE04EC0-301F-11D3-BF4B-00C04F79EFBC}") = "MyBubbleProject", "MyBubbleProject\MyBubbleProject.csproj", "{96F8DA38-ADA8-4CD8-BF8A-344A70C1ACCC}"
EndProject
Global
	GlobalSection(SolutionConfigurationPlatforms) = preSolution
		Debug|Any CPU = Debug|Any CPU
		Release|Any CPU = Release|Any CPU
	EndGlobalSection
	GlobalSection(ProjectConfigurationPlatforms) = postSolution
		{96F8DA38-ADA8-4CD8-BF8A-344A70C1ACCC}.Debug|Any CPU.ActiveCfg = Debug|Any CPU
		{96F8DA38-ADA8-4CD8-BF8A-344A70C1ACCC}.Debug|Any CPU.Build.0 = Debug|Any CPU
		{96F8DA38-ADA8-4CD8-BF8A-344A70C1ACCC}.Release|Any CPU.ActiveCfg = Release|Any CPU
		{96F8DA38-ADA8-4CD8-BF8A-344A70C1ACCC}.Release|Any CPU.Build.0 = Release|Any CPU
	EndGlobalSection
	GlobalSection(SolutionProperties) = preSolution
		HideSolutionNode = FALSE
	EndGlobalSection
	GlobalSection(ExtensibilityGlobals) = postSolution
		SolutionGuid = {82CD7E61-B1D5-40A1-8B6D-F96C68254BFA}
	EndGlobalSection
EndGlobal
